// !$*UTF8*$!
{
	archiveVersion = 1;
	classes = {
	};
	objectVersion = 56;
	objects = {

/* Begin PBXBuildFile section */
		BB668BE02BABB68700340F1B /* AppDelegate.swift in Sources */ = {isa = PBXBuildFile; fileRef = BB668BDF2BABB68700340F1B /* AppDelegate.swift */; };
		BB668BE22BABB68700340F1B /* SceneDelegate.swift in Sources */ = {isa = PBXBuildFile; fileRef = BB668BE12BABB68700340F1B /* SceneDelegate.swift */; };
		BB668BE42BABB68700340F1B /* ViewController.swift in Sources */ = {isa = PBXBuildFile; fileRef = BB668BE32BABB68700340F1B /* ViewController.swift */; };
		BB668BE92BABB69200340F1B /* Assets.xcassets in Resources */ = {isa = PBXBuildFile; fileRef = BB668BE82BABB69200340F1B /* Assets.xcassets */; };
		BB668BEC2BABB69200340F1B /* Base in Resources */ = {isa = PBXBuildFile; fileRef = BB668BEB2BABB69200340F1B /* Base */; };
		BB668BFA2BABB6AF00340F1B /* UIPlaygroundTests.swift in Sources */ = {isa = PBXBuildFile; fileRef = BB668BF92BABB6AF00340F1B /* UIPlaygroundTests.swift */; };
		BB668C072BABB6E600340F1B /* UIPlaygroundUITests.swift in Sources */ = {isa = PBXBuildFile; fileRef = BB668C062BABB6E600340F1B /* UIPlaygroundUITests.swift */; };
		BB668C092BABB6E600340F1B /* UIPlaygroundUITestsLaunchTests.swift in Sources */ = {isa = PBXBuildFile; fileRef = BB668C082BABB6E600340F1B /* UIPlaygroundUITestsLaunchTests.swift */; };
		BB668C182BABB79900340F1B /* JsonDecoderError.swift in Sources */ = {isa = PBXBuildFile; fileRef = BB668C172BABB79900340F1B /* JsonDecoderError.swift */; };
		BB668C1A2BABB7E600340F1B /* Double.swift in Sources */ = {isa = PBXBuildFile; fileRef = BB668C192BABB7E600340F1B /* Double.swift */; };
		BB668C1C2BABB82500340F1B /* UIImageView.swift in Sources */ = {isa = PBXBuildFile; fileRef = BB668C1B2BABB82500340F1B /* UIImageView.swift */; };
		BB668C1E2BABB90700340F1B /* ItemModel.swift in Sources */ = {isa = PBXBuildFile; fileRef = BB668C1D2BABB90700340F1B /* ItemModel.swift */; };
		BB668C202BABB95E00340F1B /* LocalDataManager.swift in Sources */ = {isa = PBXBuildFile; fileRef = BB668C1F2BABB95E00340F1B /* LocalDataManager.swift */; };
		BB668C222BABBA8400340F1B /* ItemsViewModel.swift in Sources */ = {isa = PBXBuildFile; fileRef = BB668C212BABBA8400340F1B /* ItemsViewModel.swift */; };
		BB668C252BABBB1F00340F1B /* ItemCollectionView.swift in Sources */ = {isa = PBXBuildFile; fileRef = BB668C242BABBB1F00340F1B /* ItemCollectionView.swift */; };
		BB668C272BABBB8100340F1B /* ItemCollectionViewCell.swift in Sources */ = {isa = PBXBuildFile; fileRef = BB668C262BABBB8100340F1B /* ItemCollectionViewCell.swift */; };
		BB668C292BABBE2400340F1B /* ItemsViewController.swift in Sources */ = {isa = PBXBuildFile; fileRef = BB668C282BABBE2400340F1B /* ItemsViewController.swift */; };
		BB668C2B2BABC07E00340F1B /* itemList.json in Resources */ = {isa = PBXBuildFile; fileRef = BB668C2A2BABC07E00340F1B /* itemList.json */; };
		BB668C2F2BACCA5900340F1B /* VideoReelsViewController.swift in Sources */ = {isa = PBXBuildFile; fileRef = BB668C2E2BACCA5900340F1B /* VideoReelsViewController.swift */; };
		BB668C312BACCB6300340F1B /* VideoReelViewModel.swift in Sources */ = {isa = PBXBuildFile; fileRef = BB668C302BACCB6300340F1B /* VideoReelViewModel.swift */; };
		BB668C342BACCBA700340F1B /* VideoReelCloneCollectionViewCell.swift in Sources */ = {isa = PBXBuildFile; fileRef = BB668C332BACCBA700340F1B /* VideoReelCloneCollectionViewCell.swift */; };
		BB668C362BACCC4800340F1B /* VideoModel.swift in Sources */ = {isa = PBXBuildFile; fileRef = BB668C352BACCC4800340F1B /* VideoModel.swift */; };
		BBC502192BADF32400A701CF /* videoList.json in Resources */ = {isa = PBXBuildFile; fileRef = BBC502182BADF32400A701CF /* videoList.json */; };
		BBC5021C2BAE094100A701CF /* SampleViewTableViewController.swift in Sources */ = {isa = PBXBuildFile; fileRef = BBC5021B2BAE094100A701CF /* SampleViewTableViewController.swift */; };
		BBC502202BAE0A1600A701CF /* PageEnum.swift in Sources */ = {isa = PBXBuildFile; fileRef = BBC5021F2BAE0A1600A701CF /* PageEnum.swift */; };
		BBC502232BAE0FBB00A701CF /* MainCoordinator.swift in Sources */ = {isa = PBXBuildFile; fileRef = BBC502222BAE0FBB00A701CF /* MainCoordinator.swift */; };
		BBC502252BAE100600A701CF /* Coordinator.swift in Sources */ = {isa = PBXBuildFile; fileRef = BBC502242BAE100600A701CF /* Coordinator.swift */; };
/* End PBXBuildFile section */

/* Begin PBXContainerItemProxy section */
		BB668BFB2BABB6AF00340F1B /* PBXContainerItemProxy */ = {
			isa = PBXContainerItemProxy;
			containerPortal = BB668BD42BABB68700340F1B /* Project object */;
			proxyType = 1;
			remoteGlobalIDString = BB668BDB2BABB68700340F1B;
			remoteInfo = UIPlayground;
		};
		BB668C0A2BABB6E600340F1B /* PBXContainerItemProxy */ = {
			isa = PBXContainerItemProxy;
			containerPortal = BB668BD42BABB68700340F1B /* Project object */;
			proxyType = 1;
			remoteGlobalIDString = BB668BDB2BABB68700340F1B;
			remoteInfo = UIPlayground;
		};
/* End PBXContainerItemProxy section */

/* Begin PBXFileReference section */
		BB668BDC2BABB68700340F1B /* UIPlayground.app */ = {isa = PBXFileReference; explicitFileType = wrapper.application; includeInIndex = 0; path = UIPlayground.app; sourceTree = BUILT_PRODUCTS_DIR; };
		BB668BDF2BABB68700340F1B /* AppDelegate.swift */ = {isa = PBXFileReference; lastKnownFileType = sourcecode.swift; path = AppDelegate.swift; sourceTree = "<group>"; };
		BB668BE12BABB68700340F1B /* SceneDelegate.swift */ = {isa = PBXFileReference; lastKnownFileType = sourcecode.swift; path = SceneDelegate.swift; sourceTree = "<group>"; };
		BB668BE32BABB68700340F1B /* ViewController.swift */ = {isa = PBXFileReference; lastKnownFileType = sourcecode.swift; path = ViewController.swift; sourceTree = "<group>"; };
		BB668BE82BABB69200340F1B /* Assets.xcassets */ = {isa = PBXFileReference; lastKnownFileType = folder.assetcatalog; path = Assets.xcassets; sourceTree = "<group>"; };
		BB668BEB2BABB69200340F1B /* Base */ = {isa = PBXFileReference; lastKnownFileType = file.storyboard; name = Base; path = Base.lproj/LaunchScreen.storyboard; sourceTree = "<group>"; };
		BB668BED2BABB69200340F1B /* Info.plist */ = {isa = PBXFileReference; lastKnownFileType = text.plist.xml; path = Info.plist; sourceTree = "<group>"; };
		BB668BF72BABB6AF00340F1B /* UIPlaygroundTests.xctest */ = {isa = PBXFileReference; explicitFileType = wrapper.cfbundle; includeInIndex = 0; path = UIPlaygroundTests.xctest; sourceTree = BUILT_PRODUCTS_DIR; };
		BB668BF92BABB6AF00340F1B /* UIPlaygroundTests.swift */ = {isa = PBXFileReference; lastKnownFileType = sourcecode.swift; path = UIPlaygroundTests.swift; sourceTree = "<group>"; };
		BB668C042BABB6E600340F1B /* UIPlaygroundUITests.xctest */ = {isa = PBXFileReference; explicitFileType = wrapper.cfbundle; includeInIndex = 0; path = UIPlaygroundUITests.xctest; sourceTree = BUILT_PRODUCTS_DIR; };
		BB668C062BABB6E600340F1B /* UIPlaygroundUITests.swift */ = {isa = PBXFileReference; lastKnownFileType = sourcecode.swift; path = UIPlaygroundUITests.swift; sourceTree = "<group>"; };
		BB668C082BABB6E600340F1B /* UIPlaygroundUITestsLaunchTests.swift */ = {isa = PBXFileReference; lastKnownFileType = sourcecode.swift; path = UIPlaygroundUITestsLaunchTests.swift; sourceTree = "<group>"; };
		BB668C172BABB79900340F1B /* JsonDecoderError.swift */ = {isa = PBXFileReference; lastKnownFileType = sourcecode.swift; path = JsonDecoderError.swift; sourceTree = "<group>"; };
		BB668C192BABB7E600340F1B /* Double.swift */ = {isa = PBXFileReference; lastKnownFileType = sourcecode.swift; path = Double.swift; sourceTree = "<group>"; };
		BB668C1B2BABB82500340F1B /* UIImageView.swift */ = {isa = PBXFileReference; lastKnownFileType = sourcecode.swift; path = UIImageView.swift; sourceTree = "<group>"; };
		BB668C1D2BABB90700340F1B /* ItemModel.swift */ = {isa = PBXFileReference; lastKnownFileType = sourcecode.swift; path = ItemModel.swift; sourceTree = "<group>"; };
		BB668C1F2BABB95E00340F1B /* LocalDataManager.swift */ = {isa = PBXFileReference; lastKnownFileType = sourcecode.swift; path = LocalDataManager.swift; sourceTree = "<group>"; };
		BB668C212BABBA8400340F1B /* ItemsViewModel.swift */ = {isa = PBXFileReference; lastKnownFileType = sourcecode.swift; path = ItemsViewModel.swift; sourceTree = "<group>"; };
		BB668C242BABBB1F00340F1B /* ItemCollectionView.swift */ = {isa = PBXFileReference; lastKnownFileType = sourcecode.swift; path = ItemCollectionView.swift; sourceTree = "<group>"; };
		BB668C262BABBB8100340F1B /* ItemCollectionViewCell.swift */ = {isa = PBXFileReference; lastKnownFileType = sourcecode.swift; path = ItemCollectionViewCell.swift; sourceTree = "<group>"; };
		BB668C282BABBE2400340F1B /* ItemsViewController.swift */ = {isa = PBXFileReference; lastKnownFileType = sourcecode.swift; path = ItemsViewController.swift; sourceTree = "<group>"; };
		BB668C2A2BABC07E00340F1B /* itemList.json */ = {isa = PBXFileReference; lastKnownFileType = text.json; path = itemList.json; sourceTree = "<group>"; };
		BB668C2E2BACCA5900340F1B /* VideoReelsViewController.swift */ = {isa = PBXFileReference; lastKnownFileType = sourcecode.swift; path = VideoReelsViewController.swift; sourceTree = "<group>"; };
		BB668C302BACCB6300340F1B /* VideoReelViewModel.swift */ = {isa = PBXFileReference; lastKnownFileType = sourcecode.swift; path = VideoReelViewModel.swift; sourceTree = "<group>"; };
		BB668C332BACCBA700340F1B /* VideoReelCloneCollectionViewCell.swift */ = {isa = PBXFileReference; lastKnownFileType = sourcecode.swift; path = VideoReelCloneCollectionViewCell.swift; sourceTree = "<group>"; };
		BB668C352BACCC4800340F1B /* VideoModel.swift */ = {isa = PBXFileReference; lastKnownFileType = sourcecode.swift; path = VideoModel.swift; sourceTree = "<group>"; };
		BBC502182BADF32400A701CF /* videoList.json */ = {isa = PBXFileReference; lastKnownFileType = text.json; path = videoList.json; sourceTree = "<group>"; };
		BBC5021B2BAE094100A701CF /* SampleViewTableViewController.swift */ = {isa = PBXFileReference; lastKnownFileType = sourcecode.swift; path = SampleViewTableViewController.swift; sourceTree = "<group>"; };
		BBC5021F2BAE0A1600A701CF /* PageEnum.swift */ = {isa = PBXFileReference; lastKnownFileType = sourcecode.swift; path = PageEnum.swift; sourceTree = "<group>"; };
		BBC502222BAE0FBB00A701CF /* MainCoordinator.swift */ = {isa = PBXFileReference; lastKnownFileType = sourcecode.swift; path = MainCoordinator.swift; sourceTree = "<group>"; };
		BBC502242BAE100600A701CF /* Coordinator.swift */ = {isa = PBXFileReference; lastKnownFileType = sourcecode.swift; path = Coordinator.swift; sourceTree = "<group>"; };
/* End PBXFileReference section */

/* Begin PBXFrameworksBuildPhase section */
		BB668BD92BABB68700340F1B /* Frameworks */ = {
			isa = PBXFrameworksBuildPhase;
			buildActionMask = 2147483647;
			files = (
			);
			runOnlyForDeploymentPostprocessing = 0;
		};
		BB668BF42BABB6AF00340F1B /* Frameworks */ = {
			isa = PBXFrameworksBuildPhase;
			buildActionMask = 2147483647;
			files = (
			);
			runOnlyForDeploymentPostprocessing = 0;
		};
		BB668C012BABB6E600340F1B /* Frameworks */ = {
			isa = PBXFrameworksBuildPhase;
			buildActionMask = 2147483647;
			files = (
			);
			runOnlyForDeploymentPostprocessing = 0;
		};
/* End PBXFrameworksBuildPhase section */

/* Begin PBXGroup section */
		BB668BD32BABB68700340F1B = {
			isa = PBXGroup;
			children = (
				BB668BDE2BABB68700340F1B /* UIPlayground */,
				BB668BF82BABB6AF00340F1B /* UIPlaygroundTests */,
				BB668C052BABB6E600340F1B /* UIPlaygroundUITests */,
				BB668BDD2BABB68700340F1B /* Products */,
			);
			sourceTree = "<group>";
		};
		BB668BDD2BABB68700340F1B /* Products */ = {
			isa = PBXGroup;
			children = (
				BB668BDC2BABB68700340F1B /* UIPlayground.app */,
				BB668BF72BABB6AF00340F1B /* UIPlaygroundTests.xctest */,
				BB668C042BABB6E600340F1B /* UIPlaygroundUITests.xctest */,
			);
			name = Products;
			sourceTree = "<group>";
		};
		BB668BDE2BABB68700340F1B /* UIPlayground */ = {
			isa = PBXGroup;
			children = (
				BB668BED2BABB69200340F1B /* Info.plist */,
				BB668BDF2BABB68700340F1B /* AppDelegate.swift */,
				BB668BE12BABB68700340F1B /* SceneDelegate.swift */,
				BB668BE32BABB68700340F1B /* ViewController.swift */,
				BB668BE82BABB69200340F1B /* Assets.xcassets */,
				BB668BEA2BABB69200340F1B /* LaunchScreen.storyboard */,
				BBC502212BAE0FAC00A701CF /* Coordinators */,
				BB668C162BABB78100340F1B /* Enums */,
				BB668C0F2BABB75000340F1B /* Extensions */,
				BB668C152BABB77300340F1B /* Json */,
				BB668C132BABB76A00340F1B /* Models */,
				BB668C142BABB76C00340F1B /* Utilities */,
				BB668C122BABB76500340F1B /* ViewControllers */,
				BB668C102BABB75300340F1B /* ViewModels */,
				BB668C112BABB76300340F1B /* Views */,
			);
			path = UIPlayground;
			sourceTree = "<group>";
		};
		BB668BF82BABB6AF00340F1B /* UIPlaygroundTests */ = {
			isa = PBXGroup;
			children = (
				BB668BF92BABB6AF00340F1B /* UIPlaygroundTests.swift */,
			);
			path = UIPlaygroundTests;
			sourceTree = "<group>";
		};
		BB668C052BABB6E600340F1B /* UIPlaygroundUITests */ = {
			isa = PBXGroup;
			children = (
				BB668C062BABB6E600340F1B /* UIPlaygroundUITests.swift */,
				BB668C082BABB6E600340F1B /* UIPlaygroundUITestsLaunchTests.swift */,
			);
			path = UIPlaygroundUITests;
			sourceTree = "<group>";
		};
		BB668C0F2BABB75000340F1B /* Extensions */ = {
			isa = PBXGroup;
			children = (
				BB668C192BABB7E600340F1B /* Double.swift */,
				BB668C1B2BABB82500340F1B /* UIImageView.swift */,
			);
			path = Extensions;
			sourceTree = "<group>";
		};
		BB668C102BABB75300340F1B /* ViewModels */ = {
			isa = PBXGroup;
			children = (
				BB668C212BABBA8400340F1B /* ItemsViewModel.swift */,
				BB668C302BACCB6300340F1B /* VideoReelViewModel.swift */,
			);
			path = ViewModels;
			sourceTree = "<group>";
		};
		BB668C112BABB76300340F1B /* Views */ = {
			isa = PBXGroup;
			children = (
				BB668C322BACCB8D00340F1B /* VideoReels */,
				BB668C232BABBAFF00340F1B /* ItemCollectionView */,
			);
			path = Views;
			sourceTree = "<group>";
		};
		BB668C122BABB76500340F1B /* ViewControllers */ = {
			isa = PBXGroup;
			children = (
				BB668C282BABBE2400340F1B /* ItemsViewController.swift */,
				BBC5021B2BAE094100A701CF /* SampleViewTableViewController.swift */,
				BB668C2E2BACCA5900340F1B /* VideoReelsViewController.swift */,
			);
			path = ViewControllers;
			sourceTree = "<group>";
		};
		BB668C132BABB76A00340F1B /* Models */ = {
			isa = PBXGroup;
			children = (
				BB668C1D2BABB90700340F1B /* ItemModel.swift */,
				BB668C352BACCC4800340F1B /* VideoModel.swift */,
			);
			path = Models;
			sourceTree = "<group>";
		};
		BB668C142BABB76C00340F1B /* Utilities */ = {
			isa = PBXGroup;
			children = (
				BB668C1F2BABB95E00340F1B /* LocalDataManager.swift */,
			);
			path = Utilities;
			sourceTree = "<group>";
		};
		BB668C152BABB77300340F1B /* Json */ = {
			isa = PBXGroup;
			children = (
				BB668C2A2BABC07E00340F1B /* itemList.json */,
				BBC502182BADF32400A701CF /* videoList.json */,
			);
			path = Json;
			sourceTree = "<group>";
		};
		BB668C162BABB78100340F1B /* Enums */ = {
			isa = PBXGroup;
			children = (
				BB668C172BABB79900340F1B /* JsonDecoderError.swift */,
				BBC5021F2BAE0A1600A701CF /* PageEnum.swift */,
			);
			path = Enums;
			sourceTree = "<group>";
		};
		BB668C232BABBAFF00340F1B /* ItemCollectionView */ = {
			isa = PBXGroup;
			children = (
				BB668C242BABBB1F00340F1B /* ItemCollectionView.swift */,
				BB668C262BABBB8100340F1B /* ItemCollectionViewCell.swift */,
			);
			path = ItemCollectionView;
			sourceTree = "<group>";
		};
		BB668C322BACCB8D00340F1B /* VideoReels */ = {
			isa = PBXGroup;
			children = (
				BB668C332BACCBA700340F1B /* VideoReelCloneCollectionViewCell.swift */,
			);
			path = VideoReels;
			sourceTree = "<group>";
		};
		BBC502212BAE0FAC00A701CF /* Coordinators */ = {
			isa = PBXGroup;
			children = (
				BBC502222BAE0FBB00A701CF /* MainCoordinator.swift */,
				BBC502242BAE100600A701CF /* Coordinator.swift */,
			);
			path = Coordinators;
			sourceTree = "<group>";
		};
/* End PBXGroup section */

/* Begin PBXNativeTarget section */
		BB668BDB2BABB68700340F1B /* UIPlayground */ = {
			isa = PBXNativeTarget;
			buildConfigurationList = BB668BF02BABB69200340F1B /* Build configuration list for PBXNativeTarget "UIPlayground" */;
			buildPhases = (
				BB668BD82BABB68700340F1B /* Sources */,
				BB668BD92BABB68700340F1B /* Frameworks */,
				BB668BDA2BABB68700340F1B /* Resources */,
			);
			buildRules = (
			);
			dependencies = (
			);
			name = UIPlayground;
			productName = UIPlayground;
			productReference = BB668BDC2BABB68700340F1B /* UIPlayground.app */;
			productType = "com.apple.product-type.application";
		};
		BB668BF62BABB6AF00340F1B /* UIPlaygroundTests */ = {
			isa = PBXNativeTarget;
			buildConfigurationList = BB668BFD2BABB6AF00340F1B /* Build configuration list for PBXNativeTarget "UIPlaygroundTests" */;
			buildPhases = (
				BB668BF32BABB6AF00340F1B /* Sources */,
				BB668BF42BABB6AF00340F1B /* Frameworks */,
				BB668BF52BABB6AF00340F1B /* Resources */,
			);
			buildRules = (
			);
			dependencies = (
				BB668BFC2BABB6AF00340F1B /* PBXTargetDependency */,
			);
			name = UIPlaygroundTests;
			productName = UIPlaygroundTests;
			productReference = BB668BF72BABB6AF00340F1B /* UIPlaygroundTests.xctest */;
			productType = "com.apple.product-type.bundle.unit-test";
		};
		BB668C032BABB6E600340F1B /* UIPlaygroundUITests */ = {
			isa = PBXNativeTarget;
			buildConfigurationList = BB668C0C2BABB6E600340F1B /* Build configuration list for PBXNativeTarget "UIPlaygroundUITests" */;
			buildPhases = (
				BB668C002BABB6E600340F1B /* Sources */,
				BB668C012BABB6E600340F1B /* Frameworks */,
				BB668C022BABB6E600340F1B /* Resources */,
			);
			buildRules = (
			);
			dependencies = (
				BB668C0B2BABB6E600340F1B /* PBXTargetDependency */,
			);
			name = UIPlaygroundUITests;
			productName = UIPlaygroundUITests;
			productReference = BB668C042BABB6E600340F1B /* UIPlaygroundUITests.xctest */;
			productType = "com.apple.product-type.bundle.ui-testing";
		};
/* End PBXNativeTarget section */

/* Begin PBXProject section */
		BB668BD42BABB68700340F1B /* Project object */ = {
			isa = PBXProject;
			attributes = {
				BuildIndependentTargetsInParallel = 1;
				LastSwiftUpdateCheck = 1530;
				LastUpgradeCheck = 1530;
				TargetAttributes = {
					BB668BDB2BABB68700340F1B = {
						CreatedOnToolsVersion = 15.3;
					};
					BB668BF62BABB6AF00340F1B = {
						CreatedOnToolsVersion = 15.3;
						TestTargetID = BB668BDB2BABB68700340F1B;
					};
					BB668C032BABB6E600340F1B = {
						CreatedOnToolsVersion = 15.3;
						TestTargetID = BB668BDB2BABB68700340F1B;
					};
				};
			};
			buildConfigurationList = BB668BD72BABB68700340F1B /* Build configuration list for PBXProject "UIPlayground" */;
			compatibilityVersion = "Xcode 14.0";
			developmentRegion = en;
			hasScannedForEncodings = 0;
			knownRegions = (
				en,
				Base,
			);
			mainGroup = BB668BD32BABB68700340F1B;
			productRefGroup = BB668BDD2BABB68700340F1B /* Products */;
			projectDirPath = "";
			projectRoot = "";
			targets = (
				BB668BDB2BABB68700340F1B /* UIPlayground */,
				BB668BF62BABB6AF00340F1B /* UIPlaygroundTests */,
				BB668C032BABB6E600340F1B /* UIPlaygroundUITests */,
			);
		};
/* End PBXProject section */

/* Begin PBXResourcesBuildPhase section */
		BB668BDA2BABB68700340F1B /* Resources */ = {
			isa = PBXResourcesBuildPhase;
			buildActionMask = 2147483647;
			files = (
				BB668BE92BABB69200340F1B /* Assets.xcassets in Resources */,
				BB668C2B2BABC07E00340F1B /* itemList.json in Resources */,
				BBC502192BADF32400A701CF /* videoList.json in Resources */,
				BB668BEC2BABB69200340F1B /* Base in Resources */,
			);
			runOnlyForDeploymentPostprocessing = 0;
		};
		BB668BF52BABB6AF00340F1B /* Resources */ = {
			isa = PBXResourcesBuildPhase;
			buildActionMask = 2147483647;
			files = (
			);
			runOnlyForDeploymentPostprocessing = 0;
		};
		BB668C022BABB6E600340F1B /* Resources */ = {
			isa = PBXResourcesBuildPhase;
			buildActionMask = 2147483647;
			files = (
			);
			runOnlyForDeploymentPostprocessing = 0;
		};
/* End PBXResourcesBuildPhase section */

/* Begin PBXSourcesBuildPhase section */
		BB668BD82BABB68700340F1B /* Sources */ = {
			isa = PBXSourcesBuildPhase;
			buildActionMask = 2147483647;
			files = (
				BBC5021C2BAE094100A701CF /* SampleViewTableViewController.swift in Sources */,
				BB668BE42BABB68700340F1B /* ViewController.swift in Sources */,
				BB668C292BABBE2400340F1B /* ItemsViewController.swift in Sources */,
				BB668C272BABBB8100340F1B /* ItemCollectionViewCell.swift in Sources */,
				BB668C362BACCC4800340F1B /* VideoModel.swift in Sources */,
				BB668C342BACCBA700340F1B /* VideoReelCloneCollectionViewCell.swift in Sources */,
				BB668C202BABB95E00340F1B /* LocalDataManager.swift in Sources */,
				BB668C312BACCB6300340F1B /* VideoReelViewModel.swift in Sources */,
				BBC502202BAE0A1600A701CF /* PageEnum.swift in Sources */,
				BB668BE02BABB68700340F1B /* AppDelegate.swift in Sources */,
				BB668C1A2BABB7E600340F1B /* Double.swift in Sources */,
				BB668BE22BABB68700340F1B /* SceneDelegate.swift in Sources */,
				BBC502252BAE100600A701CF /* Coordinator.swift in Sources */,
				BB668C2F2BACCA5900340F1B /* VideoReelsViewController.swift in Sources */,
				BB668C252BABBB1F00340F1B /* ItemCollectionView.swift in Sources */,
				BBC502232BAE0FBB00A701CF /* MainCoordinator.swift in Sources */,
				BB668C1C2BABB82500340F1B /* UIImageView.swift in Sources */,
				BB668C1E2BABB90700340F1B /* ItemModel.swift in Sources */,
				BB668C182BABB79900340F1B /* JsonDecoderError.swift in Sources */,
				BB668C222BABBA8400340F1B /* ItemsViewModel.swift in Sources */,
			);
			runOnlyForDeploymentPostprocessing = 0;
		};
		BB668BF32BABB6AF00340F1B /* Sources */ = {
			isa = PBXSourcesBuildPhase;
			buildActionMask = 2147483647;
			files = (
				BB668BFA2BABB6AF00340F1B /* UIPlaygroundTests.swift in Sources */,
			);
			runOnlyForDeploymentPostprocessing = 0;
		};
		BB668C002BABB6E600340F1B /* Sources */ = {
			isa = PBXSourcesBuildPhase;
			buildActionMask = 2147483647;
			files = (
				BB668C072BABB6E600340F1B /* UIPlaygroundUITests.swift in Sources */,
				BB668C092BABB6E600340F1B /* UIPlaygroundUITestsLaunchTests.swift in Sources */,
			);
			runOnlyForDeploymentPostprocessing = 0;
		};
/* End PBXSourcesBuildPhase section */

/* Begin PBXTargetDependency section */
		BB668BFC2BABB6AF00340F1B /* PBXTargetDependency */ = {
			isa = PBXTargetDependency;
			target = BB668BDB2BABB68700340F1B /* UIPlayground */;
			targetProxy = BB668BFB2BABB6AF00340F1B /* PBXContainerItemProxy */;
		};
		BB668C0B2BABB6E600340F1B /* PBXTargetDependency */ = {
			isa = PBXTargetDependency;
			target = BB668BDB2BABB68700340F1B /* UIPlayground */;
			targetProxy = BB668C0A2BABB6E600340F1B /* PBXContainerItemProxy */;
		};
/* End PBXTargetDependency section */

/* Begin PBXVariantGroup section */
		BB668BEA2BABB69200340F1B /* LaunchScreen.storyboard */ = {
			isa = PBXVariantGroup;
			children = (
				BB668BEB2BABB69200340F1B /* Base */,
			);
			name = LaunchScreen.storyboard;
			sourceTree = "<group>";
		};
/* End PBXVariantGroup section */

/* Begin XCBuildConfiguration section */
		BB668BEE2BABB69200340F1B /* Debug */ = {
			isa = XCBuildConfiguration;
			buildSettings = {
				ALWAYS_SEARCH_USER_PATHS = NO;
				ASSETCATALOG_COMPILER_GENERATE_SWIFT_ASSET_SYMBOL_EXTENSIONS = YES;
				CLANG_ANALYZER_NONNULL = YES;
				CLANG_ANALYZER_NUMBER_OBJECT_CONVERSION = YES_AGGRESSIVE;
				CLANG_CXX_LANGUAGE_STANDARD = "gnu++20";
				CLANG_ENABLE_MODULES = YES;
				CLANG_ENABLE_OBJC_ARC = YES;
				CLANG_ENABLE_OBJC_WEAK = YES;
				CLANG_WARN_BLOCK_CAPTURE_AUTORELEASING = YES;
				CLANG_WARN_BOOL_CONVERSION = YES;
				CLANG_WARN_COMMA = YES;
				CLANG_WARN_CONSTANT_CONVERSION = YES;
				CLANG_WARN_DEPRECATED_OBJC_IMPLEMENTATIONS = YES;
				CLANG_WARN_DIRECT_OBJC_ISA_USAGE = YES_ERROR;
				CLANG_WARN_DOCUMENTATION_COMMENTS = YES;
				CLANG_WARN_EMPTY_BODY = YES;
				CLANG_WARN_ENUM_CONVERSION = YES;
				CLANG_WARN_INFINITE_RECURSION = YES;
				CLANG_WARN_INT_CONVERSION = YES;
				CLANG_WARN_NON_LITERAL_NULL_CONVERSION = YES;
				CLANG_WARN_OBJC_IMPLICIT_RETAIN_SELF = YES;
				CLANG_WARN_OBJC_LITERAL_CONVERSION = YES;
				CLANG_WARN_OBJC_ROOT_CLASS = YES_ERROR;
				CLANG_WARN_QUOTED_INCLUDE_IN_FRAMEWORK_HEADER = YES;
				CLANG_WARN_RANGE_LOOP_ANALYSIS = YES;
				CLANG_WARN_STRICT_PROTOTYPES = YES;
				CLANG_WARN_SUSPICIOUS_MOVE = YES;
				CLANG_WARN_UNGUARDED_AVAILABILITY = YES_AGGRESSIVE;
				CLANG_WARN_UNREACHABLE_CODE = YES;
				CLANG_WARN__DUPLICATE_METHOD_MATCH = YES;
				COPY_PHASE_STRIP = NO;
				DEBUG_INFORMATION_FORMAT = dwarf;
				ENABLE_STRICT_OBJC_MSGSEND = YES;
				ENABLE_TESTABILITY = YES;
				ENABLE_USER_SCRIPT_SANDBOXING = YES;
				GCC_C_LANGUAGE_STANDARD = gnu17;
				GCC_DYNAMIC_NO_PIC = NO;
				GCC_NO_COMMON_BLOCKS = YES;
				GCC_OPTIMIZATION_LEVEL = 0;
				GCC_PREPROCESSOR_DEFINITIONS = (
					"DEBUG=1",
					"$(inherited)",
				);
				GCC_WARN_64_TO_32_BIT_CONVERSION = YES;
				GCC_WARN_ABOUT_RETURN_TYPE = YES_ERROR;
				GCC_WARN_UNDECLARED_SELECTOR = YES;
				GCC_WARN_UNINITIALIZED_AUTOS = YES_AGGRESSIVE;
				GCC_WARN_UNUSED_FUNCTION = YES;
				GCC_WARN_UNUSED_VARIABLE = YES;
				IPHONEOS_DEPLOYMENT_TARGET = 17.4;
				LOCALIZATION_PREFERS_STRING_CATALOGS = YES;
				MTL_ENABLE_DEBUG_INFO = INCLUDE_SOURCE;
				MTL_FAST_MATH = YES;
				ONLY_ACTIVE_ARCH = YES;
				SDKROOT = iphoneos;
				SWIFT_ACTIVE_COMPILATION_CONDITIONS = "DEBUG $(inherited)";
				SWIFT_OPTIMIZATION_LEVEL = "-Onone";
			};
			name = Debug;
		};
		BB668BEF2BABB69200340F1B /* Release */ = {
			isa = XCBuildConfiguration;
			buildSettings = {
				ALWAYS_SEARCH_USER_PATHS = NO;
				ASSETCATALOG_COMPILER_GENERATE_SWIFT_ASSET_SYMBOL_EXTENSIONS = YES;
				CLANG_ANALYZER_NONNULL = YES;
				CLANG_ANALYZER_NUMBER_OBJECT_CONVERSION = YES_AGGRESSIVE;
				CLANG_CXX_LANGUAGE_STANDARD = "gnu++20";
				CLANG_ENABLE_MODULES = YES;
				CLANG_ENABLE_OBJC_ARC = YES;
				CLANG_ENABLE_OBJC_WEAK = YES;
				CLANG_WARN_BLOCK_CAPTURE_AUTORELEASING = YES;
				CLANG_WARN_BOOL_CONVERSION = YES;
				CLANG_WARN_COMMA = YES;
				CLANG_WARN_CONSTANT_CONVERSION = YES;
				CLANG_WARN_DEPRECATED_OBJC_IMPLEMENTATIONS = YES;
				CLANG_WARN_DIRECT_OBJC_ISA_USAGE = YES_ERROR;
				CLANG_WARN_DOCUMENTATION_COMMENTS = YES;
				CLANG_WARN_EMPTY_BODY = YES;
				CLANG_WARN_ENUM_CONVERSION = YES;
				CLANG_WARN_INFINITE_RECURSION = YES;
				CLANG_WARN_INT_CONVERSION = YES;
				CLANG_WARN_NON_LITERAL_NULL_CONVERSION = YES;
				CLANG_WARN_OBJC_IMPLICIT_RETAIN_SELF = YES;
				CLANG_WARN_OBJC_LITERAL_CONVERSION = YES;
				CLANG_WARN_OBJC_ROOT_CLASS = YES_ERROR;
				CLANG_WARN_QUOTED_INCLUDE_IN_FRAMEWORK_HEADER = YES;
				CLANG_WARN_RANGE_LOOP_ANALYSIS = YES;
				CLANG_WARN_STRICT_PROTOTYPES = YES;
				CLANG_WARN_SUSPICIOUS_MOVE = YES;
				CLANG_WARN_UNGUARDED_AVAILABILITY = YES_AGGRESSIVE;
				CLANG_WARN_UNREACHABLE_CODE = YES;
				CLANG_WARN__DUPLICATE_METHOD_MATCH = YES;
				COPY_PHASE_STRIP = NO;
				DEBUG_INFORMATION_FORMAT = "dwarf-with-dsym";
				ENABLE_NS_ASSERTIONS = NO;
				ENABLE_STRICT_OBJC_MSGSEND = YES;
				ENABLE_USER_SCRIPT_SANDBOXING = YES;
				GCC_C_LANGUAGE_STANDARD = gnu17;
				GCC_NO_COMMON_BLOCKS = YES;
				GCC_WARN_64_TO_32_BIT_CONVERSION = YES;
				GCC_WARN_ABOUT_RETURN_TYPE = YES_ERROR;
				GCC_WARN_UNDECLARED_SELECTOR = YES;
				GCC_WARN_UNINITIALIZED_AUTOS = YES_AGGRESSIVE;
				GCC_WARN_UNUSED_FUNCTION = YES;
				GCC_WARN_UNUSED_VARIABLE = YES;
				IPHONEOS_DEPLOYMENT_TARGET = 17.4;
				LOCALIZATION_PREFERS_STRING_CATALOGS = YES;
				MTL_ENABLE_DEBUG_INFO = NO;
				MTL_FAST_MATH = YES;
				SDKROOT = iphoneos;
				SWIFT_COMPILATION_MODE = wholemodule;
				VALIDATE_PRODUCT = YES;
			};
			name = Release;
		};
		BB668BF12BABB69200340F1B /* Debug */ = {
			isa = XCBuildConfiguration;
			buildSettings = {
				ASSETCATALOG_COMPILER_APPICON_NAME = AppIcon;
				ASSETCATALOG_COMPILER_GLOBAL_ACCENT_COLOR_NAME = AccentColor;
				CODE_SIGN_STYLE = Automatic;
				CURRENT_PROJECT_VERSION = 1;
				DEVELOPMENT_TEAM = FVEGF5DQ7U;
				GENERATE_INFOPLIST_FILE = YES;
				INFOPLIST_FILE = UIPlayground/Info.plist;
				INFOPLIST_KEY_UIApplicationSupportsIndirectInputEvents = YES;
				INFOPLIST_KEY_UILaunchStoryboardName = LaunchScreen;
				INFOPLIST_KEY_UISupportedInterfaceOrientations_iPad = "UIInterfaceOrientationPortrait UIInterfaceOrientationPortraitUpsideDown UIInterfaceOrientationLandscapeLeft UIInterfaceOrientationLandscapeRight";
				INFOPLIST_KEY_UISupportedInterfaceOrientations_iPhone = "UIInterfaceOrientationPortrait UIInterfaceOrientationLandscapeLeft UIInterfaceOrientationLandscapeRight";
				LD_RUNPATH_SEARCH_PATHS = (
					"$(inherited)",
					"@executable_path/Frameworks",
				);
				MARKETING_VERSION = 1.0;
				PRODUCT_BUNDLE_IDENTIFIER = sugurutokuda.UIPlayground;
				PRODUCT_NAME = "$(TARGET_NAME)";
				SWIFT_EMIT_LOC_STRINGS = YES;
				SWIFT_VERSION = 5.0;
				TARGETED_DEVICE_FAMILY = "1,2";
			};
			name = Debug;
		};
		BB668BF22BABB69200340F1B /* Release */ = {
			isa = XCBuildConfiguration;
			buildSettings = {
				ASSETCATALOG_COMPILER_APPICON_NAME = AppIcon;
				ASSETCATALOG_COMPILER_GLOBAL_ACCENT_COLOR_NAME = AccentColor;
				CODE_SIGN_STYLE = Automatic;
				CURRENT_PROJECT_VERSION = 1;
				DEVELOPMENT_TEAM = FVEGF5DQ7U;
				GENERATE_INFOPLIST_FILE = YES;
				INFOPLIST_FILE = UIPlayground/Info.plist;
				INFOPLIST_KEY_UIApplicationSupportsIndirectInputEvents = YES;
				INFOPLIST_KEY_UILaunchStoryboardName = LaunchScreen;
				INFOPLIST_KEY_UISupportedInterfaceOrientations_iPad = "UIInterfaceOrientationPortrait UIInterfaceOrientationPortraitUpsideDown UIInterfaceOrientationLandscapeLeft UIInterfaceOrientationLandscapeRight";
				INFOPLIST_KEY_UISupportedInterfaceOrientations_iPhone = "UIInterfaceOrientationPortrait UIInterfaceOrientationLandscapeLeft UIInterfaceOrientationLandscapeRight";
				LD_RUNPATH_SEARCH_PATHS = (
					"$(inherited)",
					"@executable_path/Frameworks",
				);
				MARKETING_VERSION = 1.0;
				PRODUCT_BUNDLE_IDENTIFIER = sugurutokuda.UIPlayground;
				PRODUCT_NAME = "$(TARGET_NAME)";
				SWIFT_EMIT_LOC_STRINGS = YES;
				SWIFT_VERSION = 5.0;
				TARGETED_DEVICE_FAMILY = "1,2";
			};
			name = Release;
		};
		BB668BFE2BABB6AF00340F1B /* Debug */ = {
			isa = XCBuildConfiguration;
			buildSettings = {
				BUNDLE_LOADER = "$(TEST_HOST)";
				CODE_SIGN_STYLE = Automatic;
				CURRENT_PROJECT_VERSION = 1;
				DEVELOPMENT_TEAM = FVEGF5DQ7U;
				GENERATE_INFOPLIST_FILE = YES;
				MARKETING_VERSION = 1.0;
				PRODUCT_BUNDLE_IDENTIFIER = sugurutokuda.UIPlaygroundTests;
				PRODUCT_NAME = "$(TARGET_NAME)";
				SWIFT_EMIT_LOC_STRINGS = NO;
				SWIFT_VERSION = 5.0;
				TARGETED_DEVICE_FAMILY = "1,2";
				TEST_HOST = "$(BUILT_PRODUCTS_DIR)/UIPlayground.app/$(BUNDLE_EXECUTABLE_FOLDER_PATH)/UIPlayground";
			};
			name = Debug;
		};
		BB668BFF2BABB6AF00340F1B /* Release */ = {
			isa = XCBuildConfiguration;
			buildSettings = {
				BUNDLE_LOADER = "$(TEST_HOST)";
				CODE_SIGN_STYLE = Automatic;
				CURRENT_PROJECT_VERSION = 1;
				DEVELOPMENT_TEAM = FVEGF5DQ7U;
				GENERATE_INFOPLIST_FILE = YES;
				MARKETING_VERSION = 1.0;
				PRODUCT_BUNDLE_IDENTIFIER = sugurutokuda.UIPlaygroundTests;
				PRODUCT_NAME = "$(TARGET_NAME)";
				SWIFT_EMIT_LOC_STRINGS = NO;
				SWIFT_VERSION = 5.0;
				TARGETED_DEVICE_FAMILY = "1,2";
				TEST_HOST = "$(BUILT_PRODUCTS_DIR)/UIPlayground.app/$(BUNDLE_EXECUTABLE_FOLDER_PATH)/UIPlayground";
			};
			name = Release;
		};
		BB668C0D2BABB6E600340F1B /* Debug */ = {
			isa = XCBuildConfiguration;
			buildSettings = {
				CODE_SIGN_STYLE = Automatic;
				CURRENT_PROJECT_VERSION = 1;
				DEVELOPMENT_TEAM = FVEGF5DQ7U;
				GENERATE_INFOPLIST_FILE = YES;
				MARKETING_VERSION = 1.0;
				PRODUCT_BUNDLE_IDENTIFIER = sugurutokuda.UIPlaygroundUITests;
				PRODUCT_NAME = "$(TARGET_NAME)";
				SWIFT_EMIT_LOC_STRINGS = NO;
				SWIFT_VERSION = 5.0;
				TARGETED_DEVICE_FAMILY = "1,2";
				TEST_TARGET_NAME = UIPlayground;
			};
			name = Debug;
		};
		BB668C0E2BABB6E600340F1B /* Release */ = {
			isa = XCBuildConfiguration;
			buildSettings = {
				CODE_SIGN_STYLE = Automatic;
				CURRENT_PROJECT_VERSION = 1;
				DEVELOPMENT_TEAM = FVEGF5DQ7U;
				GENERATE_INFOPLIST_FILE = YES;
				MARKETING_VERSION = 1.0;
				PRODUCT_BUNDLE_IDENTIFIER = sugurutokuda.UIPlaygroundUITests;
				PRODUCT_NAME = "$(TARGET_NAME)";
				SWIFT_EMIT_LOC_STRINGS = NO;
				SWIFT_VERSION = 5.0;
				TARGETED_DEVICE_FAMILY = "1,2";
				TEST_TARGET_NAME = UIPlayground;
			};
			name = Release;
		};
/* End XCBuildConfiguration section */

/* Begin XCConfigurationList section */
		BB668BD72BABB68700340F1B /* Build configuration list for PBXProject "UIPlayground" */ = {
			isa = XCConfigurationList;
			buildConfigurations = (
				BB668BEE2BABB69200340F1B /* Debug */,
				BB668BEF2BABB69200340F1B /* Release */,
			);
			defaultConfigurationIsVisible = 0;
			defaultConfigurationName = Release;
		};
		BB668BF02BABB69200340F1B /* Build configuration list for PBXNativeTarget "UIPlayground" */ = {
			isa = XCConfigurationList;
			buildConfigurations = (
				BB668BF12BABB69200340F1B /* Debug */,
				BB668BF22BABB69200340F1B /* Release */,
			);
			defaultConfigurationIsVisible = 0;
			defaultConfigurationName = Release;
		};
		BB668BFD2BABB6AF00340F1B /* Build configuration list for PBXNativeTarget "UIPlaygroundTests" */ = {
			isa = XCConfigurationList;
			buildConfigurations = (
				BB668BFE2BABB6AF00340F1B /* Debug */,
				BB668BFF2BABB6AF00340F1B /* Release */,
			);
			defaultConfigurationIsVisible = 0;
			defaultConfigurationName = Release;
		};
		BB668C0C2BABB6E600340F1B /* Build configuration list for PBXNativeTarget "UIPlaygroundUITests" */ = {
			isa = XCConfigurationList;
			buildConfigurations = (
				BB668C0D2BABB6E600340F1B /* Debug */,
				BB668C0E2BABB6E600340F1B /* Release */,
			);
			defaultConfigurationIsVisible = 0;
			defaultConfigurationName = Release;
		};
/* End XCConfigurationList section */
	};
	rootObject = BB668BD42BABB68700340F1B /* Project object */;
}
